
Microsoft Visual Studio Solution File, Format Version 12.00
# Visual Studio 15
VisualStudioVersion = 15.0.27703.2047
MinimumVisualStudioVersion = 10.0.40219.1
Project("{FAE04EC0-301F-11D3-BF4B-00C04F79EFBC}") = "ConversionKata", "ConversionKata\ConversionKata.csproj", "{C2FD9452-DF0D-4137-8F45-A917CDFE8C86}"
EndProject
Project("{FAE04EC0-301F-11D3-BF4B-00C04F79EFBC}") = "ConversionKata02", "ConversionKata02\ConversionKata02.csproj", "{E111C88E-D9AF-475A-9565-9BF32D621A87}"
EndProject
Project("{FAE04EC0-301F-11D3-BF4B-00C04F79EFBC}") = "ConversionKata03", "ConversionKata03\ConversionKata03.csproj", "{EB345E8B-E04D-44AA-9776-C6759D2CCAF0}"
EndProject
Global
	GlobalSection(SolutionConfigurationPlatforms) = preSolution
		Debug|Any CPU = Debug|Any CPU
		Release|Any CPU = Release|Any CPU
	EndGlobalSection
	GlobalSection(ProjectConfigurationPlatforms) = postSolution
		{C2FD9452-DF0D-4137-8F45-A917CDFE8C86}.Debug|Any CPU.ActiveCfg = Debug|Any CPU
		{C2FD9452-DF0D-4137-8F45-A917CDFE8C86}.Debug|Any CPU.Build.0 = Debug|Any CPU
		{C2FD9452-DF0D-4137-8F45-A917CDFE8C86}.Release|Any CPU.ActiveCfg = Release|Any CPU
		{C2FD9452-DF0D-4137-8F45-A917CDFE8C86}.Release|Any CPU.Build.0 = Release|Any CPU
		{E111C88E-D9AF-475A-9565-9BF32D621A87}.Debug|Any CPU.ActiveCfg = Debug|Any CPU
		{E111C88E-D9AF-475A-9565-9BF32D621A87}.Debug|Any CPU.Build.0 = Debug|Any CPU
		{E111C88E-D9AF-475A-9565-9BF32D621A87}.Release|Any CPU.ActiveCfg = Release|Any CPU
		{E111C88E-D9AF-475A-9565-9BF32D621A87}.Release|Any CPU.Build.0 = Release|Any CPU
		{EB345E8B-E04D-44AA-9776-C6759D2CCAF0}.Debug|Any CPU.ActiveCfg = Debug|Any CPU
		{EB345E8B-E04D-44AA-9776-C6759D2CCAF0}.Debug|Any CPU.Build.0 = Debug|Any CPU
		{EB345E8B-E04D-44AA-9776-C6759D2CCAF0}.Release|Any CPU.ActiveCfg = Release|Any CPU
		{EB345E8B-E04D-44AA-9776-C6759D2CCAF0}.Release|Any CPU.Build.0 = Release|Any CPU
	EndGlobalSection
	GlobalSection(SolutionProperties) = preSolution
		HideSolutionNode = FALSE
	EndGlobalSection
	GlobalSection(ExtensibilityGlobals) = postSolution
		SolutionGuid = {0F092EFC-3B87-4FD7-A052-B84C99AD33FF}
	EndGlobalSection
EndGlobal
